// !$*UTF8*$!
{
	archiveVersion = 1;
	classes = {
	};
	objectVersion = 46;
	objects = {

/* Begin PBXBuildFile section */
		E23211E61C7B608E00E142EB /* AppDelegate.swift in Sources */ = {isa = PBXBuildFile; fileRef = E23211E51C7B608E00E142EB /* AppDelegate.swift */; };
		E23211EA1C7B608E00E142EB /* GameScene.swift in Sources */ = {isa = PBXBuildFile; fileRef = E23211E91C7B608E00E142EB /* GameScene.swift */; };
		E23211EC1C7B608E00E142EB /* GameViewController.swift in Sources */ = {isa = PBXBuildFile; fileRef = E23211EB1C7B608E00E142EB /* GameViewController.swift */; };
		E23211EF1C7B608E00E142EB /* Main.storyboard in Resources */ = {isa = PBXBuildFile; fileRef = E23211ED1C7B608E00E142EB /* Main.storyboard */; };
		E23211F11C7B608E00E142EB /* Assets.xcassets in Resources */ = {isa = PBXBuildFile; fileRef = E23211F01C7B608E00E142EB /* Assets.xcassets */; };
		E23211F41C7B608E00E142EB /* LaunchScreen.storyboard in Resources */ = {isa = PBXBuildFile; fileRef = E23211F21C7B608E00E142EB /* LaunchScreen.storyboard */; };
		E23211FC1C7B62FF00E142EB /* Graphics in Resources */ = {isa = PBXBuildFile; fileRef = E23211FB1C7B62FF00E142EB /* Graphics */; };
/* End PBXBuildFile section */

/* Begin PBXFileReference section */
		E23211E21C7B608E00E142EB /* TestGame.app */ = {isa = PBXFileReference; explicitFileType = wrapper.application; includeInIndex = 0; path = TestGame.app; sourceTree = BUILT_PRODUCTS_DIR; };
		E23211E51C7B608E00E142EB /* AppDelegate.swift */ = {isa = PBXFileReference; lastKnownFileType = sourcecode.swift; path = AppDelegate.swift; sourceTree = "<group>"; };
		E23211E91C7B608E00E142EB /* GameScene.swift */ = {isa = PBXFileReference; lastKnownFileType = sourcecode.swift; path = GameScene.swift; sourceTree = "<group>"; };
		E23211EB1C7B608E00E142EB /* GameViewController.swift */ = {isa = PBXFileReference; lastKnownFileType = sourcecode.swift; path = GameViewController.swift; sourceTree = "<group>"; };
		E23211EE1C7B608E00E142EB /* Base */ = {isa = PBXFileReference; lastKnownFileType = file.storyboard; name = Base; path = Base.lproj/Main.storyboard; sourceTree = "<group>"; };
		E23211F01C7B608E00E142EB /* Assets.xcassets */ = {isa = PBXFileReference; lastKnownFileType = folder.assetcatalog; path = Assets.xcassets; sourceTree = "<group>"; };
		E23211F31C7B608E00E142EB /* Base */ = {isa = PBXFileReference; lastKnownFileType = file.storyboard; name = Base; path = Base.lproj/LaunchScreen.storyboard; sourceTree = "<group>"; };
		E23211F51C7B608E00E142EB /* Info.plist */ = {isa = PBXFileReference; lastKnownFileType = text.plist.xml; path = Info.plist; sourceTree = "<group>"; };
		E23211FB1C7B62FF00E142EB /* Graphics */ = {isa = PBXFileReference; lastKnownFileType = folder; path = Graphics; sourceTree = "<group>"; };
/* End PBXFileReference section */

/* Begin PBXFrameworksBuildPhase section */
		E23211DF1C7B608E00E142EB /* Frameworks */ = {
			isa = PBXFrameworksBuildPhase;
			buildActionMask = 2147483647;
			files = (
			);
			runOnlyForDeploymentPostprocessing = 0;
		};
/* End PBXFrameworksBuildPhase section */

/* Begin PBXGroup section */
		E23211D91C7B608E00E142EB = {
			isa = PBXGroup;
			children = (
				E23211E41C7B608E00E142EB /* TestGame */,
				E23211E31C7B608E00E142EB /* Products */,
			);
			sourceTree = "<group>";
		};
		E23211E31C7B608E00E142EB /* Products */ = {
			isa = PBXGroup;
			children = (
				E23211E21C7B608E00E142EB /* TestGame.app */,
			);
			name = Products;
			sourceTree = "<group>";
		};
		E23211E41C7B608E00E142EB /* TestGame */ = {
			isa = PBXGroup;
			children = (
				E23211FB1C7B62FF00E142EB /* Graphics */,
				E23211E51C7B608E00E142EB /* AppDelegate.swift */,
				E23211E91C7B608E00E142EB /* GameScene.swift */,
				E23211EB1C7B608E00E142EB /* GameViewController.swift */,
				E23211ED1C7B608E00E142EB /* Main.storyboard */,
				E23211F01C7B608E00E142EB /* Assets.xcassets */,
				E23211F21C7B608E00E142EB /* LaunchScreen.storyboard */,
				E23211F51C7B608E00E142EB /* Info.plist */,
			);
			path = TestGame;
			sourceTree = "<group>";
		};
/* End PBXGroup section */

/* Begin PBXNativeTarget section */
		E23211E11C7B608E00E142EB /* TestGame */ = {
			isa = PBXNativeTarget;
			buildConfigurationList = E23211F81C7B608E00E142EB /* Build configuration list for PBXNativeTarget "TestGame" */;
			buildPhases = (
				E23211DE1C7B608E00E142EB /* Sources */,
				E23211DF1C7B608E00E142EB /* Frameworks */,
				E23211E01C7B608E00E142EB /* Resources */,
			);
			buildRules = (
			);
			dependencies = (
			);
			name = TestGame;
			productName = TestGame;
			productReference = E23211E21C7B608E00E142EB /* TestGame.app */;
			productType = "com.apple.product-type.application";
		};
/* End PBXNativeTarget section */

/* Begin PBXProject section */
		E23211DA1C7B608E00E142EB /* Project object */ = {
			isa = PBXProject;
			attributes = {
				LastSwiftUpdateCheck = 0720;
				LastUpgradeCheck = 0720;
				ORGANIZATIONNAME = Benobab;
				TargetAttributes = {
					E23211E11C7B608E00E142EB = {
						CreatedOnToolsVersion = 7.2.1;
					};
				};
			};
			buildConfigurationList = E23211DD1C7B608E00E142EB /* Build configuration list for PBXProject "TestGame" */;
			compatibilityVersion = "Xcode 3.2";
			developmentRegion = English;
			hasScannedForEncodings = 0;
			knownRegions = (
				en,
				Base,
			);
			mainGroup = E23211D91C7B608E00E142EB;
			productRefGroup = E23211E31C7B608E00E142EB /* Products */;
			projectDirPath = "";
			projectRoot = "";
			targets = (
				E23211E11C7B608E00E142EB /* TestGame */,
			);
		};
/* End PBXProject section */

/* Begin PBXResourcesBuildPhase section */
		E23211E01C7B608E00E142EB /* Resources */ = {
			isa = PBXResourcesBuildPhase;
			buildActionMask = 2147483647;
			files = (
				E23211F41C7B608E00E142EB /* LaunchScreen.storyboard in Resources */,
				E23211F11C7B608E00E142EB /* Assets.xcassets in Resources */,
				E23211EF1C7B608E00E142EB /* Main.storyboard in Resources */,
				E23211FC1C7B62FF00E142EB /* Graphics in Resources */,
			);
			runOnlyForDeploymentPostprocessing = 0;
		};
/* End PBXResourcesBuildPhase section */

/* Begin PBXSourcesBuildPhase section */
		E23211DE1C7B608E00E142EB /* Sources */ = {
			isa = PBXSourcesBuildPhase;
			buildActionMask = 2147483647;
			files = (
				E23211EA1C7B608E00E142EB /* GameScene.swift in Sources */,
				E23211EC1C7B608E00E142EB /* GameViewController.swift in Sources */,
				E23211E61C7B608E00E142EB /* AppDelegate.swift in Sources */,
			);
			runOnlyForDeploymentPostprocessing = 0;
		};
/* End PBXSourcesBuildPhase section */

/* Begin PBXVariantGroup section */
		E23211ED1C7B608E00E142EB /* Main.storyboard */ = {
			isa = PBXVariantGroup;
			children = (
				E23211EE1C7B608E00E142EB /* Base */,
			);
			name = Main.storyboard;
			sourceTree = "<group>";
		};
		E23211F21C7B608E00E142EB /* LaunchScreen.storyboard */ = {
			isa = PBXVariantGroup;
			children = (
				E23211F31C7B608E00E142EB /* Base */,
			);
			name = LaunchScreen.storyboard;
			sourceTree = "<group>";
		};
/* End PBXVariantGroup section */

/* Begin XCBuildConfiguration section */
		E23211F61C7B608E00E142EB /* Debug */ = {
			isa = XCBuildConfiguration;
			buildSettings = {
				ALWAYS_SEARCH_USER_PATHS = NO;
				CLANG_CXX_LANGUAGE_STANDARD = "gnu++0x";
				CLANG_CXX_LIBRARY = "libc++";
				CLANG_ENABLE_MODULES = YES;
				CLANG_ENABLE_OBJC_ARC = YES;
				CLANG_WARN_BOOL_CONVERSION = YES;
				CLANG_WARN_CONSTANT_CONVERSION = YES;
				CLANG_WARN_DIRECT_OBJC_ISA_USAGE = YES_ERROR;
				CLANG_WARN_EMPTY_BODY = YES;
				CLANG_WARN_ENUM_CONVERSION = YES;
				CLANG_WARN_INT_CONVERSION = YES;
				CLANG_WARN_OBJC_ROOT_CLASS = YES_ERROR;
				CLANG_WARN_UNREACHABLE_CODE = YES;
				CLANG_WARN__DUPLICATE_METHOD_MATCH = YES;
				"CODE_SIGN_IDENTITY[sdk=iphoneos*]" = "iPhone Developer";
				COPY_PHASE_STRIP = NO;
				DEBUG_INFORMATION_FORMAT = "dwarf-with-dsym";
				ENABLE_STRICT_OBJC_MSGSEND = YES;
				ENABLE_TESTABILITY = YES;
				GCC_C_LANGUAGE_STANDARD = gnu99;
				GCC_DYNAMIC_NO_PIC = NO;
				GCC_NO_COMMON_BLOCKS = YES;
				GCC_OPTIMIZATION_LEVEL = 0;
				GCC_PREPROCESSOR_DEFINITIONS = (
					"DEBUG=1",
					"$(inherited)",
				);
				GCC_WARN_64_TO_32_BIT_CONVERSION = YES;
				GCC_WARN_ABOUT_RETURN_TYPE = YES_ERROR;
				GCC_WARN_UNDECLARED_SELECTOR = YES;
				GCC_WARN_UNINITIALIZED_AUTOS = YES_AGGRESSIVE;
				GCC_WARN_UNUSED_FUNCTION = YES;
				GCC_WARN_UNUSED_VARIABLE = YES;
				IPHONEOS_DEPLOYMENT_TARGET = 9.2;
				MTL_ENABLE_DEBUG_INFO = YES;
				ONLY_ACTIVE_ARCH = YES;
				SDKROOT = iphoneos;
				SWIFT_OPTIMIZATION_LEVEL = "-Onone";
			};
			name = Debug;
		};
		E23211F71C7B608E00E142EB /* Release */ = {
			isa = XCBuildConfiguration;
			buildSettings = {
				ALWAYS_SEARCH_USER_PATHS = NO;
				CLANG_CXX_LANGUAGE_STANDARD = "gnu++0x";
				CLANG_CXX_LIBRARY = "libc++";
				CLANG_ENABLE_MODULES = YES;
				CLANG_ENABLE_OBJC_ARC = YES;
				CLANG_WARN_BOOL_CONVERSION = YES;
				CLANG_WARN_CONSTANT_CONVERSION = YES;
				CLANG_WARN_DIRECT_OBJC_ISA_USAGE = YES_ERROR;
				CLANG_WARN_EMPTY_BODY = YES;
				CLANG_WARN_ENUM_CONVERSION = YES;
				CLANG_WARN_INT_CONVERSION = YES;
				CLANG_WARN_OBJC_ROOT_CLASS = YES_ERROR;
				CLANG_WARN_UNREACHABLE_CODE = YES;
				CLANG_WARN__DUPLICATE_METHOD_MATCH = YES;
				"CODE_SIGN_IDENTITY[sdk=iphoneos*]" = "iPhone Developer";
				COPY_PHASE_STRIP = NO;
				DEBUG_INFORMATION_FORMAT = "dwarf-with-dsym";
				ENABLE_NS_ASSERTIONS = NO;
				ENABLE_STRICT_OBJC_MSGSEND = YES;
				GCC_C_LANGUAGE_STANDARD = gnu99;
				GCC_NO_COMMON_BLOCKS = YES;
				GCC_WARN_64_TO_32_BIT_CONVERSION = YES;
				GCC_WARN_ABOUT_RETURN_TYPE = YES_ERROR;
				GCC_WARN_UNDECLARED_SELECTOR = YES;
				GCC_WARN_UNINITIALIZED_AUTOS = YES_AGGRESSIVE;
				GCC_WARN_UNUSED_FUNCTION = YES;
				GCC_WARN_UNUSED_VARIABLE = YES;
				IPHONEOS_DEPLOYMENT_TARGET = 9.2;
				MTL_ENABLE_DEBUG_INFO = NO;
				SDKROOT = iphoneos;
				VALIDATE_PRODUCT = YES;
			};
			name = Release;
		};
		E23211F91C7B608E00E142EB /* Debug */ = {
			isa = XCBuildConfiguration;
			buildSettings = {
				ASSETCATALOG_COMPILER_APPICON_NAME = AppIcon;
				INFOPLIST_FILE = TestGame/Info.plist;
				IPHONEOS_DEPLOYMENT_TARGET = 9;
				LD_RUNPATH_SEARCH_PATHS = "$(inherited) @executable_path/Frameworks";
				PRODUCT_BUNDLE_IDENTIFIER = com.TestGame;
				PRODUCT_NAME = "$(TARGET_NAME)";
			};
			name = Debug;
		};
		E23211FA1C7B608E00E142EB /* Release */ = {
			isa = XCBuildConfiguration;
			buildSettings = {
				ASSETCATALOG_COMPILER_APPICON_NAME = AppIcon;
				INFOPLIST_FILE = TestGame/Info.plist;
				IPHONEOS_DEPLOYMENT_TARGET = 9;
				LD_RUNPATH_SEARCH_PATHS = "$(inherited) @executable_path/Frameworks";
				PRODUCT_BUNDLE_IDENTIFIER = com.TestGame;
				PRODUCT_NAME = "$(TARGET_NAME)";
			};
			name = Release;
		};
/* End XCBuildConfiguration section */

/* Begin XCConfigurationList section */
		E23211DD1C7B608E00E142EB /* Build configuration list for PBXProject "TestGame" */ = {
			isa = XCConfigurationList;
			buildConfigurations = (
				E23211F61C7B608E00E142EB /* Debug */,
				E23211F71C7B608E00E142EB /* Release */,
			);
			defaultConfigurationIsVisible = 0;
			defaultConfigurationName = Release;
		};
		E23211F81C7B608E00E142EB /* Build configuration list for PBXNativeTarget "TestGame" */ = {
			isa = XCConfigurationList;
			buildConfigurations = (
				E23211F91C7B608E00E142EB /* Debug */,
				E23211FA1C7B608E00E142EB /* Release */,
			);
			defaultConfigurationIsVisible = 0;
		};
/* End XCConfigurationList section */
	};
	rootObject = E23211DA1C7B608E00E142EB /* Project object */;
}
